
Microsoft Visual Studio Solution File, Format Version 12.00
# Visual Studio Version 16
VisualStudioVersion = 16.0.31911.196
MinimumVisualStudioVersion = 10.0.40219.1
Project("{FAE04EC0-301F-11D3-BF4B-00C04F79EFBC}") = "AgenciaDeViagem.DATA", "AgenciaDeViagem.DATA\AgenciaDeViagem.DATA.csproj", "{BB224BF6-8C8F-41AE-9A56-5731B40F63D7}"
EndProject
Project("{FAE04EC0-301F-11D3-BF4B-00C04F79EFBC}") = "AgenciaDeViagem.WEB", "AgenciaDeViagem.WEB\AgenciaDeViagem.WEB.csproj", "{4924E619-5647-453E-928E-4267DFF8FCA3}"
EndProject
Global
	GlobalSection(SolutionConfigurationPlatforms) = preSolution
		Debug|Any CPU = Debug|Any CPU
		Release|Any CPU = Release|Any CPU
	EndGlobalSection
	GlobalSection(ProjectConfigurationPlatforms) = postSolution
		{BB224BF6-8C8F-41AE-9A56-5731B40F63D7}.Debug|Any CPU.ActiveCfg = Debug|Any CPU
		{BB224BF6-8C8F-41AE-9A56-5731B40F63D7}.Debug|Any CPU.Build.0 = Debug|Any CPU
		{BB224BF6-8C8F-41AE-9A56-5731B40F63D7}.Release|Any CPU.ActiveCfg = Release|Any CPU
		{BB224BF6-8C8F-41AE-9A56-5731B40F63D7}.Release|Any CPU.Build.0 = Release|Any CPU
		{4924E619-5647-453E-928E-4267DFF8FCA3}.Debug|Any CPU.ActiveCfg = Debug|Any CPU
		{4924E619-5647-453E-928E-4267DFF8FCA3}.Debug|Any CPU.Build.0 = Debug|Any CPU
		{4924E619-5647-453E-928E-4267DFF8FCA3}.Release|Any CPU.ActiveCfg = Release|Any CPU
		{4924E619-5647-453E-928E-4267DFF8FCA3}.Release|Any CPU.Build.0 = Release|Any CPU
	EndGlobalSection
	GlobalSection(SolutionProperties) = preSolution
		HideSolutionNode = FALSE
	EndGlobalSection
	GlobalSection(ExtensibilityGlobals) = postSolution
		SolutionGuid = {AA56D615-FCE3-43C3-A51A-01C1B8AB642D}
	EndGlobalSection
EndGlobal
